{"1.2.0",
[{<<"cowboy">>,{pkg,<<"cowboy">>,<<"2.10.0">>},0},
 {<<"cowlib">>,{pkg,<<"cowlib">>,<<"2.12.1">>},1},
 {<<"gun">>,
  {git,"https://github.com/ninenines/gun.git",
       {ref,"48eefebff2d0412bf6fe8a53182ef88a443b293f"}},
  0},
 {<<"jesse">>,
  {git,"https://github.com/shiguredo/jesse.git",
       {ref,"4098954761bcb58332029f72025dcde5a129e3a0"}},
  0},
 {<<"jsone">>,{pkg,<<"jsone">>,<<"1.8.1">>},0},
 {<<"jsx">>,{pkg,<<"jsx">>,<<"3.1.0">>},1},
 {<<"ranch">>,{pkg,<<"ranch">>,<<"1.8.0">>},1}]}.
[
{pkg_hash,[
 {<<"cowboy">>, <<"FF9FFEFF91DAE4AE270DD975642997AFE2A1179D94B1887863E43F681A203E26">>},
 {<<"cowlib">>, <<"A9FA9A625F1D2025FE6B462CB865881329B5CAFF8F1854D1CBC9F9533F00E1E1">>},
 {<<"jsone">>, <<"6BC74D3863D55D420077346DA97C601711017A057F2FD1DF65D6D65DD562FBAB">>},
 {<<"jsx">>, <<"D12516BAA0BB23A59BB35DCCAF02A1BD08243FCBB9EFE24F2D9D056CCFF71268">>},
 {<<"ranch">>, <<"8C7A100A139FD57F17327B6413E4167AC559FBC04CA7448E9BE9057311597A1D">>}]},
{pkg_hash_ext,[
 {<<"cowboy">>, <<"3AFDCCB7183CC6F143CB14D3CF51FA00E53DB9EC80CDCD525482F5E99BC41D6B">>},
 {<<"cowlib">>, <<"163B73F6367A7341B33C794C4E88E7DBFE6498AC42DCD69EF44C5BC5507C8DB0">>},
 {<<"jsone">>, <<"C78918124148C51A7A84C678E39BBC6281F8CB582F1D88584628A98468E99738">>},
 {<<"jsx">>, <<"0C5CC8FDC11B53CC25CF65AC6705AD39E54ECC56D1C22E4ADB8F5A53FB9427F3">>},
 {<<"ranch">>, <<"49FBCFD3682FAB1F5D109351B61257676DA1A2FDBE295904176D5E521A2DDFE5">>}]}
].
