{"1.1.0",
[{<<"certifi">>,{pkg,<<"certifi">>,<<"2.0.0">>},1},
 {<<"cowboy">>,
  {git,"git://github.com/ninenines/cowboy",
       {ref,"572d38082f177a9b975153569b928375a5902b48"}},
  0},
 {<<"cowlib">>,
  {git,"https://github.com/ninenines/cowlib",
       {ref,"3ef5b48a028bb66f82b452c98ae515903096641c"}},
  1},
 {<<"hackney">>,
  {git,"git://github.com/benoitc/hackney",
       {ref,"6dc3b235bdd1c3dc2821d0513c35e9c8023ddd24"}},
  0},
 {<<"idna">>,{pkg,<<"idna">>,<<"5.1.0">>},1},
 {<<"jesse">>,
  {git,"git://github.com/for-GET/jesse",
       {ref,"f4270eb0a9bc64291c6e2205645b45b5b7b686f8"}},
  0},
 {<<"jsone">>,
  {git,"git://github.com/sile/jsone",
       {ref,"b0b037df7c1a8ee99c9f1bd124cd72e550a87936"}},
  0},
 {<<"jsx">>,
  {git,"git://github.com/talentdeficit/jsx.git",
       {ref,"3074d4865b3385a050badf7828ad31490d860df5"}},
  1},
 {<<"metrics">>,{pkg,<<"metrics">>,<<"1.0.1">>},1},
 {<<"mimerl">>,{pkg,<<"mimerl">>,<<"1.0.2">>},1},
 {<<"ranch">>,
  {git,"https://github.com/ninenines/ranch",
       {ref,"55c2a9d623454f372a15e99721a37093d8773b48"}},
  1},
 {<<"ssl_verify_fun">>,{pkg,<<"ssl_verify_fun">>,<<"1.1.1">>},1},
 {<<"unicode_util_compat">>,{pkg,<<"unicode_util_compat">>,<<"0.3.1">>},2}]}.
[
{pkg_hash,[
 {<<"certifi">>, <<"A0C0E475107135F76B8C1D5BC7EFB33CD3815CB3CF3DEA7AEFDD174DABEAD064">>},
 {<<"idna">>, <<"D72B4EFFEB324AD5DA3CAB1767CB16B17939004E789D8C0AD5B70F3CEA20C89A">>},
 {<<"metrics">>, <<"25F094DEA2CDA98213CECC3AEFF09E940299D950904393B2A29D191C346A8486">>},
 {<<"mimerl">>, <<"993F9B0E084083405ED8252B99460C4F0563E41729AB42D9074FD5E52439BE88">>},
 {<<"ssl_verify_fun">>, <<"28A4D65B7F59893BC2C7DE786DEC1E1555BD742D336043FE644AE956C3497FBE">>},
 {<<"unicode_util_compat">>, <<"A1F612A7B512638634A603C8F401892AFBF99B8CE93A45041F8AACA99CADB85E">>}]}
].
