[{<<"certifi">>,{pkg,<<"certifi">>,<<"0.4.0">>},1},
 {<<"cowboy">>,
  {git,"git://github.com/ninenines/cowboy",
       {ref,"dbb636034f20736e16eb9d6c809217c9525b6cbd"}},
  0},
 {<<"cowlib">>,
  {git,"https://github.com/ninenines/cowlib",
       {ref,"8cf98c9f3d1292c1b08fca5ca99772ae912eaa86"}},
  1},
 {<<"hackney">>,
  {git,"git://github.com/benoitc/hackney",
       {ref,"2e4c6e377d0ef913c24e8af783bed566c1251baa"}},
  0},
 {<<"idna">>,{pkg,<<"idna">>,<<"1.2.0">>},1},
 {<<"jesse">>,
  {git,"git://github.com/for-GET/jesse",
       {ref,"f4270eb0a9bc64291c6e2205645b45b5b7b686f8"}},
  0},
 {<<"jsone">>,
  {git,"git://github.com/sile/jsone",
       {ref,"1ba7c1ab24b00d8eb7c33e4711a815e330be6c61"}},
  0},
 {<<"jsx">>,
  {git,"git://github.com/talentdeficit/jsx.git",
       {ref,"3074d4865b3385a050badf7828ad31490d860df5"}},
  1},
 {<<"metrics">>,{pkg,<<"metrics">>,<<"1.0.1">>},1},
 {<<"mimerl">>,{pkg,<<"mimerl">>,<<"1.0.2">>},1},
 {<<"ranch">>,
  {git,"https://github.com/ninenines/ranch",
       {ref,"741bfb73ca663394ecf7a73410506d66f01985a6"}},
  1},
 {<<"ssl_verify_fun">>,{pkg,<<"ssl_verify_fun">>,<<"1.1.0">>},1}].
